
Microsoft Visual Studio Solution File, Format Version 12.00
# Visual Studio Version 17
VisualStudioVersion = 17.14.35821.62 d17.14
MinimumVisualStudioVersion = 10.0.40219.1
Project("{FAE04EC0-301F-11D3-BF4B-00C04F79EFBC}") = "Childrens_Books", "Childrens_Books\Childrens_Books.csproj", "{602E81A5-FF4A-4872-8885-0FC1F105486E}"
EndProject
Global
	GlobalSection(SolutionConfigurationPlatforms) = preSolution
		Debug|Any CPU = Debug|Any CPU
		Release|Any CPU = Release|Any CPU
	EndGlobalSection
	GlobalSection(ProjectConfigurationPlatforms) = postSolution
		{602E81A5-FF4A-4872-8885-0FC1F105486E}.Debug|Any CPU.ActiveCfg = Debug|Any CPU
		{602E81A5-FF4A-4872-8885-0FC1F105486E}.Debug|Any CPU.Build.0 = Debug|Any CPU
		{602E81A5-FF4A-4872-8885-0FC1F105486E}.Release|Any CPU.ActiveCfg = Release|Any CPU
		{602E81A5-FF4A-4872-8885-0FC1F105486E}.Release|Any CPU.Build.0 = Release|Any CPU
	EndGlobalSection
	GlobalSection(SolutionProperties) = preSolution
		HideSolutionNode = FALSE
	EndGlobalSection
	GlobalSection(ExtensibilityGlobals) = postSolution
		SolutionGuid = {059C15F3-39E4-407A-A4B1-3BE06D3CB97B}
	EndGlobalSection
EndGlobal
